{
  "version": "3",
  "redirects": {
    "https://deno.land/x/std@0.110.0/async/mod.ts": "https://deno.land/std@0.110.0/async/mod.ts",
    "https://deno.land/x/std@0.110.0/io/mod.ts": "https://deno.land/std@0.110.0/io/mod.ts",
    "https://deno.land/x/std@0.164.0/async/mod.ts": "https://deno.land/std@0.164.0/async/mod.ts",
    "https://deno.land/x/std@0.164.0/streams/mod.ts": "https://deno.land/std@0.164.0/streams/mod.ts"
  },
  "remote": {
    "https://deno.land/std@0.110.0/_util/assert.ts": "2f868145a042a11d5ad0a3c748dcf580add8a0dbc0e876eaa0026303a5488f58",
    "https://deno.land/std@0.110.0/async/deadline.ts": "1d6ac7aeaee22f75eb86e4e105d6161118aad7b41ae2dd14f4cfd3bf97472b93",
    "https://deno.land/std@0.110.0/async/debounce.ts": "b2f693e4baa16b62793fd618de6c003b63228db50ecfe3bd51fc5f6dc0bc264b",
    "https://deno.land/std@0.110.0/async/deferred.ts": "ab60d46ba561abb3b13c0c8085d05797a384b9f182935f051dc67136817acdee",
    "https://deno.land/std@0.110.0/async/delay.ts": "db68b7c22518ea9805be110cdc914017d741894d2bececf4d78607fd2f0548e7",
    "https://deno.land/std@0.110.0/async/mod.ts": "78425176fabea7bd1046ce3819fd69ce40da85c83e0f174d17e8e224a91f7d10",
    "https://deno.land/std@0.110.0/async/mux_async_iterator.ts": "62abff3af9ff619e8f2adc96fc70d4ca020fa48a50c23c13f12d02ed2b760dbe",
    "https://deno.land/std@0.110.0/async/pool.ts": "353ce4f91865da203a097aa6f33de8966340c91b6f4a055611c8c5d534afd12f",
    "https://deno.land/std@0.110.0/async/tee.ts": "63811ea47268825db2b15e973dc5c37bab37b749ffa00d2b7bbb6c6f568412cb",
    "https://deno.land/std@0.110.0/bytes/bytes_list.ts": "3bff6a09c72b2e0b1e92e29bd3b135053894196cca07a2bba842901073efe5cb",
    "https://deno.land/std@0.110.0/bytes/mod.ts": "440684e07e8f57a19a43b34d57eb63af0b36fc92b6657b6dcdbf9d5612d62e29",
    "https://deno.land/std@0.110.0/fmt/colors.ts": "8368ddf2d48dfe413ffd04cdbb7ae6a1009cf0dccc9c7ff1d76259d9c61a0621",
    "https://deno.land/std@0.110.0/io/buffer.ts": "3ead6bb11276ebcf093c403f74f67fd2205a515dbbb9061862c468ca56f37cd8",
    "https://deno.land/std@0.110.0/io/bufio.ts": "988237679157f1331a1e81afeac42f8364ab8dc583380d67db7e4cbad3e22e81",
    "https://deno.land/std@0.110.0/io/ioutil.ts": "3c6b7c8be3b8cd19746de028c40063193578612244a935dcc27be9f3ff343b0c",
    "https://deno.land/std@0.110.0/io/mod.ts": "ae04a3f647845dd8ce0a523c208f80636d0640d9e5c730f0e6272cf86c1c0855",
    "https://deno.land/std@0.110.0/io/readers.ts": "17403919724fef2f343c88555606368868a5c752a1099ad801f6a381c170f62d",
    "https://deno.land/std@0.110.0/io/streams.ts": "1ec4c66b57331cb1b70c6feec9c347397b737014a78d3c535b10e2a5a1390667",
    "https://deno.land/std@0.110.0/io/util.ts": "85c33d61b20fd706acc094fe80d4c8ae618b04abcf3a96ca2b47071842c1c8ac",
    "https://deno.land/std@0.110.0/io/writers.ts": "5453864be11da42dc91f19eb14c0a0e27e9e7f21f5c7174f5419921a6ab64fda",
    "https://deno.land/std@0.110.0/testing/_diff.ts": "ccd6c3af6e44c74bf1591acb1361995f5f50df64323a6e7fb3f16c8ea792c940",
    "https://deno.land/std@0.110.0/testing/asserts.ts": "6b0d6ba564bdff807bd0f0e93e02c48aa3177acf19416bf84a7f420191ef74cd",
    "https://deno.land/std@0.159.0/_util/assert.ts": "e94f2eb37cebd7f199952e242c77654e43333c1ac4c5c700e929ea3aa5489f74",
    "https://deno.land/std@0.159.0/_util/os.ts": "8a33345f74990e627b9dfe2de9b040004b08ea5146c7c9e8fe9a29070d193934",
    "https://deno.land/std@0.159.0/encoding/base64.ts": "c57868ca7fa2fbe919f57f88a623ad34e3d970d675bdc1ff3a9d02bba7409db2",
    "https://deno.land/std@0.159.0/encoding/hex.ts": "4cc5324417cbb4ac9b828453d35aed45b9cc29506fad658f1f138d981ae33795",
    "https://deno.land/std@0.159.0/fs/_util.ts": "fdc156f897197f261a1c096dcf8ff9267ed0ff42bd5b31f55053a4763a4bae3b",
    "https://deno.land/std@0.159.0/fs/copy.ts": "73bdf24f4322648d9bc38ef983b818637ba368351d17aa03644209d3ce3eac31",
    "https://deno.land/std@0.159.0/fs/empty_dir.ts": "c15a0aaaf40f8c21cca902aa1e01a789ad0c2fd1b7e2eecf4957053c5dbf707f",
    "https://deno.land/std@0.159.0/fs/ensure_dir.ts": "76395fc1c989ca8d2de3aedfa8240eb8f5225cde20f926de957995b063135b80",
    "https://deno.land/std@0.159.0/fs/ensure_file.ts": "b8e32ea63aa21221d0219760ba3f741f682d7f7d68d0d24a3ec067c338568152",
    "https://deno.land/std@0.159.0/fs/ensure_link.ts": "5cc1c04f18487d7d1edf4c5469705f30b61390ffd24ad7db6df85e7209b32bb2",
    "https://deno.land/std@0.159.0/fs/ensure_symlink.ts": "5273557b8c50be69477aa9cb003b54ff2240a336db52a40851c97abce76b96ab",
    "https://deno.land/std@0.159.0/fs/eol.ts": "b92f0b88036de507e7e6fbedbe8f666835ea9dcbf5ac85917fa1fadc919f83a5",
    "https://deno.land/std@0.159.0/fs/exists.ts": "6a447912e49eb79cc640adacfbf4b0baf8e17ede6d5bed057062ce33c4fa0d68",
    "https://deno.land/std@0.159.0/fs/expand_glob.ts": "333a8b9b0726b6909e5af30fb99c68e5b0e734d37af8cbc2ad1f062f26ca4d50",
    "https://deno.land/std@0.159.0/fs/mod.ts": "354a6f972ef4e00c4dd1f1339a8828ef0764c1c23d3c0010af3fcc025d8655b0",
    "https://deno.land/std@0.159.0/fs/move.ts": "6d7fa9da60dbc7a32dd7fdbc2ff812b745861213c8e92ba96dace0669b0c378c",
    "https://deno.land/std@0.159.0/fs/walk.ts": "d6c73a2a2fb5fde60150ce27cff3fff420e72e5bb84131b4919c9a41d74712ce",
    "https://deno.land/std@0.159.0/hash/_wasm/hash.ts": "b408d3859efa8f755fabe63042df9872353bbd3a9c72943e4a6cda1de53e3aa6",
    "https://deno.land/std@0.159.0/hash/_wasm/lib/deno_hash.generated.mjs": "1591bee0464c0bdcf29fb21951d0cccf1a93d7f47ea7b67bcf90f151a66b1cff",
    "https://deno.land/std@0.159.0/hash/hasher.ts": "42fa30957370d69d22800a901ee147a2539b2b8cf3a9000737a4b0fb2317bb8f",
    "https://deno.land/std@0.159.0/hash/mod.ts": "483d774cc4635904fa9dcdc942ebb6ffe1efe3bac74dad08a42798e52c5f601f",
    "https://deno.land/std@0.159.0/path/_constants.ts": "df1db3ffa6dd6d1252cc9617e5d72165cd2483df90e93833e13580687b6083c3",
    "https://deno.land/std@0.159.0/path/_interface.ts": "ee3b431a336b80cf445441109d089b70d87d5e248f4f90ff906820889ecf8d09",
    "https://deno.land/std@0.159.0/path/_util.ts": "d16be2a16e1204b65f9d0dfc54a9bc472cafe5f4a190b3c8471ec2016ccd1677",
    "https://deno.land/std@0.159.0/path/common.ts": "bee563630abd2d97f99d83c96c2fa0cca7cee103e8cb4e7699ec4d5db7bd2633",
    "https://deno.land/std@0.159.0/path/glob.ts": "cb5255638de1048973c3e69e420c77dc04f75755524cb3b2e160fe9277d939ee",
    "https://deno.land/std@0.159.0/path/mod.ts": "56fec03ad0ebd61b6ab39ddb9b0ddb4c4a5c9f2f4f632e09dd37ec9ebfd722ac",
    "https://deno.land/std@0.159.0/path/posix.ts": "c1f7afe274290ea0b51da07ee205653b2964bd74909a82deb07b69a6cc383aaa",
    "https://deno.land/std@0.159.0/path/separator.ts": "fe1816cb765a8068afb3e8f13ad272351c85cbc739af56dacfc7d93d710fe0f9",
    "https://deno.land/std@0.159.0/path/win32.ts": "bd7549042e37879c68ff2f8576a25950abbfca1d696d41d82c7bca0b7e6f452c",
    "https://deno.land/std@0.160.0/_util/assert.ts": "e94f2eb37cebd7f199952e242c77654e43333c1ac4c5c700e929ea3aa5489f74",
    "https://deno.land/std@0.160.0/_util/os.ts": "8a33345f74990e627b9dfe2de9b040004b08ea5146c7c9e8fe9a29070d193934",
    "https://deno.land/std@0.160.0/async/abortable.ts": "87aa7230be8360c24ad437212311c9e8d4328854baec27b4c7abb26e85515c06",
    "https://deno.land/std@0.160.0/async/deadline.ts": "48ac998d7564969f3e6ec6b6f9bf0217ebd00239b1b2292feba61272d5dd58d0",
    "https://deno.land/std@0.160.0/async/debounce.ts": "dc8b92d4a4fe7eac32c924f2b8d3e62112530db70cadce27042689d82970b350",
    "https://deno.land/std@0.160.0/async/deferred.ts": "d8fb253ffde2a056e4889ef7e90f3928f28be9f9294b6505773d33f136aab4e6",
    "https://deno.land/std@0.160.0/async/delay.ts": "0419dfc993752849692d1f9647edf13407c7facc3509b099381be99ffbc9d699",
    "https://deno.land/std@0.160.0/async/mod.ts": "dd0a8ed4f3984ffabe2fcca7c9f466b7932d57b1864ffee148a5d5388316db6b",
    "https://deno.land/std@0.160.0/async/mux_async_iterator.ts": "3447b28a2a582224a3d4d3596bccbba6e85040da3b97ed64012f7decce98d093",
    "https://deno.land/std@0.160.0/async/pool.ts": "ef9eb97b388543acbf0ac32647121e4dbe629236899586c4d4311a8770fbb239",
    "https://deno.land/std@0.160.0/async/tee.ts": "9af3a3e7612af75861308b52249e167f5ebc3dcfc8a1a4d45462d96606ee2b70",
    "https://deno.land/std@0.160.0/fmt/colors.ts": "9e36a716611dcd2e4865adea9c4bec916b5c60caad4cdcdc630d4974e6bb8bd4",
    "https://deno.land/std@0.160.0/path/_constants.ts": "df1db3ffa6dd6d1252cc9617e5d72165cd2483df90e93833e13580687b6083c3",
    "https://deno.land/std@0.160.0/path/_interface.ts": "ee3b431a336b80cf445441109d089b70d87d5e248f4f90ff906820889ecf8d09",
    "https://deno.land/std@0.160.0/path/_util.ts": "d16be2a16e1204b65f9d0dfc54a9bc472cafe5f4a190b3c8471ec2016ccd1677",
    "https://deno.land/std@0.160.0/path/common.ts": "bee563630abd2d97f99d83c96c2fa0cca7cee103e8cb4e7699ec4d5db7bd2633",
    "https://deno.land/std@0.160.0/path/glob.ts": "cb5255638de1048973c3e69e420c77dc04f75755524cb3b2e160fe9277d939ee",
    "https://deno.land/std@0.160.0/path/mod.ts": "56fec03ad0ebd61b6ab39ddb9b0ddb4c4a5c9f2f4f632e09dd37ec9ebfd722ac",
    "https://deno.land/std@0.160.0/path/posix.ts": "6b63de7097e68c8663c84ccedc0fd977656eb134432d818ecd3a4e122638ac24",
    "https://deno.land/std@0.160.0/path/separator.ts": "fe1816cb765a8068afb3e8f13ad272351c85cbc739af56dacfc7d93d710fe0f9",
    "https://deno.land/std@0.160.0/path/win32.ts": "ee8826dce087d31c5c81cd414714e677eb68febc40308de87a2ce4b40e10fb8d",
    "https://deno.land/std@0.160.0/testing/_diff.ts": "a23e7fc2b4d8daa3e158fa06856bedf5334ce2a2831e8bf9e509717f455adb2c",
    "https://deno.land/std@0.160.0/testing/_format.ts": "cd11136e1797791045e639e9f0f4640d5b4166148796cad37e6ef75f7d7f3832",
    "https://deno.land/std@0.160.0/testing/asserts.ts": "1e340c589853e82e0807629ba31a43c84ebdcdeca910c4a9705715dfdb0f5ce8",
    "https://deno.land/std@0.164.0/_util/asserts.ts": "d0844e9b62510f89ce1f9878b046f6a57bf88f208a10304aab50efcb48365272",
    "https://deno.land/std@0.164.0/async/abortable.ts": "87aa7230be8360c24ad437212311c9e8d4328854baec27b4c7abb26e85515c06",
    "https://deno.land/std@0.164.0/async/deadline.ts": "48ac998d7564969f3e6ec6b6f9bf0217ebd00239b1b2292feba61272d5dd58d0",
    "https://deno.land/std@0.164.0/async/debounce.ts": "dc8b92d4a4fe7eac32c924f2b8d3e62112530db70cadce27042689d82970b350",
    "https://deno.land/std@0.164.0/async/deferred.ts": "d8fb253ffde2a056e4889ef7e90f3928f28be9f9294b6505773d33f136aab4e6",
    "https://deno.land/std@0.164.0/async/delay.ts": "0419dfc993752849692d1f9647edf13407c7facc3509b099381be99ffbc9d699",
    "https://deno.land/std@0.164.0/async/mod.ts": "dd0a8ed4f3984ffabe2fcca7c9f466b7932d57b1864ffee148a5d5388316db6b",
    "https://deno.land/std@0.164.0/async/mux_async_iterator.ts": "3447b28a2a582224a3d4d3596bccbba6e85040da3b97ed64012f7decce98d093",
    "https://deno.land/std@0.164.0/async/pool.ts": "ef9eb97b388543acbf0ac32647121e4dbe629236899586c4d4311a8770fbb239",
    "https://deno.land/std@0.164.0/async/tee.ts": "9af3a3e7612af75861308b52249e167f5ebc3dcfc8a1a4d45462d96606ee2b70",
    "https://deno.land/std@0.164.0/bytes/bytes_list.ts": "aba5e2369e77d426b10af1de0dcc4531acecec27f9b9056f4f7bfbf8ac147ab4",
    "https://deno.land/std@0.164.0/bytes/equals.ts": "3c3558c3ae85526f84510aa2b48ab2ad7bdd899e2e0f5b7a8ffc85acb3a6043a",
    "https://deno.land/std@0.164.0/bytes/mod.ts": "b2e342fd3669176a27a4e15061e9d588b89c1aaf5008ab71766e23669565d179",
    "https://deno.land/std@0.164.0/io/buffer.ts": "245f1762a949082ddc0a6e9b15589d0be2d29c150266decd04320b8a8318f9f6",
    "https://deno.land/std@0.164.0/streams/buffer.ts": "b532492d7ba43aecb59b6abdd546c2a47e2442cb4c50850b74311a2ccacfd981",
    "https://deno.land/std@0.164.0/streams/conversion.ts": "555c6c249f3acf85655f2d0af52d1cb3168e40b1c1fa26beefea501b333abe28",
    "https://deno.land/std@0.164.0/streams/delimiter.ts": "e18febbded53df275a897fac9249a6d0a6a5efc943256ad0f6cb23bf4d757668",
    "https://deno.land/std@0.164.0/streams/merge.ts": "88ed3dfa030ae076802688e4cadd762a251a41d81ed1776dfd9a2a9a0e970195",
    "https://deno.land/std@0.164.0/streams/mod.ts": "f402791689d74bd091ecf8f4015bc5b7d5c18132a55c7c72fe0576d1fb254cf9",
    "https://deno.land/std@0.166.0/_util/asserts.ts": "d0844e9b62510f89ce1f9878b046f6a57bf88f208a10304aab50efcb48365272",
    "https://deno.land/std@0.166.0/_util/os.ts": "8a33345f74990e627b9dfe2de9b040004b08ea5146c7c9e8fe9a29070d193934",
    "https://deno.land/std@0.166.0/fs/_util.ts": "fdc156f897197f261a1c096dcf8ff9267ed0ff42bd5b31f55053a4763a4bae3b",
    "https://deno.land/std@0.166.0/fs/copy.ts": "37ad2d3390a672a34baf7d16a8623238906a1ee9b2c5fffc8efaa97810f4e6a9",
    "https://deno.land/std@0.166.0/fs/empty_dir.ts": "c15a0aaaf40f8c21cca902aa1e01a789ad0c2fd1b7e2eecf4957053c5dbf707f",
    "https://deno.land/std@0.166.0/fs/ensure_dir.ts": "76395fc1c989ca8d2de3aedfa8240eb8f5225cde20f926de957995b063135b80",
    "https://deno.land/std@0.166.0/fs/ensure_file.ts": "b8e32ea63aa21221d0219760ba3f741f682d7f7d68d0d24a3ec067c338568152",
    "https://deno.land/std@0.166.0/fs/ensure_link.ts": "5cc1c04f18487d7d1edf4c5469705f30b61390ffd24ad7db6df85e7209b32bb2",
    "https://deno.land/std@0.166.0/fs/ensure_symlink.ts": "5273557b8c50be69477aa9cb003b54ff2240a336db52a40851c97abce76b96ab",
    "https://deno.land/std@0.166.0/fs/eol.ts": "65b1e27320c3eec6fb653b27e20056ee3d015d3e91db388cfefa41616ebc7cb3",
    "https://deno.land/std@0.166.0/fs/exists.ts": "6a447912e49eb79cc640adacfbf4b0baf8e17ede6d5bed057062ce33c4fa0d68",
    "https://deno.land/std@0.166.0/fs/expand_glob.ts": "d08678afa768881b055bdfb5cebe4f089f8db4513a4d2b0bbe748f5870d77ce3",
    "https://deno.land/std@0.166.0/fs/mod.ts": "354a6f972ef4e00c4dd1f1339a8828ef0764c1c23d3c0010af3fcc025d8655b0",
    "https://deno.land/std@0.166.0/fs/move.ts": "6d7fa9da60dbc7a32dd7fdbc2ff812b745861213c8e92ba96dace0669b0c378c",
    "https://deno.land/std@0.166.0/fs/walk.ts": "0a754cc4696a15bdb175380a4b7deff3eb65be9768cb11d91a4138beee35c2d7",
    "https://deno.land/std@0.166.0/path/_constants.ts": "df1db3ffa6dd6d1252cc9617e5d72165cd2483df90e93833e13580687b6083c3",
    "https://deno.land/std@0.166.0/path/_interface.ts": "ee3b431a336b80cf445441109d089b70d87d5e248f4f90ff906820889ecf8d09",
    "https://deno.land/std@0.166.0/path/_util.ts": "d16be2a16e1204b65f9d0dfc54a9bc472cafe5f4a190b3c8471ec2016ccd1677",
    "https://deno.land/std@0.166.0/path/common.ts": "bee563630abd2d97f99d83c96c2fa0cca7cee103e8cb4e7699ec4d5db7bd2633",
    "https://deno.land/std@0.166.0/path/glob.ts": "cb5255638de1048973c3e69e420c77dc04f75755524cb3b2e160fe9277d939ee",
    "https://deno.land/std@0.166.0/path/mod.ts": "56fec03ad0ebd61b6ab39ddb9b0ddb4c4a5c9f2f4f632e09dd37ec9ebfd722ac",
    "https://deno.land/std@0.166.0/path/posix.ts": "6b63de7097e68c8663c84ccedc0fd977656eb134432d818ecd3a4e122638ac24",
    "https://deno.land/std@0.166.0/path/separator.ts": "fe1816cb765a8068afb3e8f13ad272351c85cbc739af56dacfc7d93d710fe0f9",
    "https://deno.land/std@0.166.0/path/win32.ts": "7cebd2bda6657371adc00061a1d23fdd87bcdf64b4843bb148b0b24c11b40f69",
    "https://deno.land/std@0.170.0/_util/asserts.ts": "d0844e9b62510f89ce1f9878b046f6a57bf88f208a10304aab50efcb48365272",
    "https://deno.land/std@0.170.0/_util/os.ts": "8a33345f74990e627b9dfe2de9b040004b08ea5146c7c9e8fe9a29070d193934",
    "https://deno.land/std@0.170.0/fs/_util.ts": "fdc156f897197f261a1c096dcf8ff9267ed0ff42bd5b31f55053a4763a4bae3b",
    "https://deno.land/std@0.170.0/fs/copy.ts": "c6303e52f544c81271c929931f5b59c9cfa4f81930719d2d3f777188c38aac9f",
    "https://deno.land/std@0.170.0/fs/empty_dir.ts": "453d6232ff109f2afb5e57ec14c3228e399205c1b408d85536aed7230290c414",
    "https://deno.land/std@0.170.0/fs/ensure_dir.ts": "5e9e3d7da7fc5b5e391e6d9ccead17086d76e82fb46ccc7cc9b9ee3491bab6e0",
    "https://deno.land/std@0.170.0/fs/ensure_file.ts": "76ef3a8ebef60d8da1fc4316fcb8e20c1b6f52b1baed3a9692ad3b0d1a9a1b03",
    "https://deno.land/std@0.170.0/fs/ensure_link.ts": "adc8919063e26819f5971a0010fedc1bfd71d6350a24db1a36dff432bc35c7d7",
    "https://deno.land/std@0.170.0/fs/ensure_symlink.ts": "5273557b8c50be69477aa9cb003b54ff2240a336db52a40851c97abce76b96ab",
    "https://deno.land/std@0.170.0/fs/eol.ts": "6e784ff8120c8d5589cb258e56dc39bc5b408ac9827a2e914163cbf9f2e3ce92",
    "https://deno.land/std@0.170.0/fs/exists.ts": "6a447912e49eb79cc640adacfbf4b0baf8e17ede6d5bed057062ce33c4fa0d68",
    "https://deno.land/std@0.170.0/fs/expand_glob.ts": "3a92ee4921d2b063b8dfefd1d87c35bf81126f0f1cb16e5a0f4e9ecb88ec6fe3",
    "https://deno.land/std@0.170.0/fs/mod.ts": "79c209c6e66903b3426f9245a4f216380a0ed47ffe9d253f5a61a0bc9ad1f314",
    "https://deno.land/std@0.170.0/fs/move.ts": "02ab1fc9b744da8b496f406e9fc77b0bf7960b6faaa7ec9f5fb0a129e5bef215",
    "https://deno.land/std@0.170.0/fs/walk.ts": "677eac2e5386217a7a4e7526769ae28b41ff4ae7a3cd0389f3aa4eb662545edd",
    "https://deno.land/std@0.170.0/path/_constants.ts": "df1db3ffa6dd6d1252cc9617e5d72165cd2483df90e93833e13580687b6083c3",
    "https://deno.land/std@0.170.0/path/_interface.ts": "ee3b431a336b80cf445441109d089b70d87d5e248f4f90ff906820889ecf8d09",
    "https://deno.land/std@0.170.0/path/_util.ts": "d16be2a16e1204b65f9d0dfc54a9bc472cafe5f4a190b3c8471ec2016ccd1677",
    "https://deno.land/std@0.170.0/path/common.ts": "bee563630abd2d97f99d83c96c2fa0cca7cee103e8cb4e7699ec4d5db7bd2633",
    "https://deno.land/std@0.170.0/path/glob.ts": "81cc6c72be002cd546c7a22d1f263f82f63f37fe0035d9726aa96fc8f6e4afa1",
    "https://deno.land/std@0.170.0/path/mod.ts": "cf7cec7ac11b7048bb66af8ae03513e66595c279c65cfa12bfc07d9599608b78",
    "https://deno.land/std@0.170.0/path/posix.ts": "b859684bc4d80edfd4cad0a82371b50c716330bed51143d6dcdbe59e6278b30c",
    "https://deno.land/std@0.170.0/path/separator.ts": "fe1816cb765a8068afb3e8f13ad272351c85cbc739af56dacfc7d93d710fe0f9",
    "https://deno.land/std@0.170.0/path/win32.ts": "7cebd2bda6657371adc00061a1d23fdd87bcdf64b4843bb148b0b24c11b40f69",
    "https://deno.land/std@0.170.0/semver/mod.ts": "7bff23d6165f0f3d3ea9a165afdb3e0c761acb335012f050ab21575c84828b76",
    "https://deno.land/std@0.171.0/_util/asserts.ts": "178dfc49a464aee693a7e285567b3d0b555dc805ff490505a8aae34f9cfb1462",
    "https://deno.land/std@0.171.0/_util/os.ts": "d932f56d41e4f6a6093d56044e29ce637f8dcc43c5a90af43504a889cf1775e3",
    "https://deno.land/std@0.171.0/async/abortable.ts": "73acfb3ed7261ce0d930dbe89e43db8d34e017b063cf0eaa7d215477bf53442e",
    "https://deno.land/std@0.171.0/async/deadline.ts": "b98e50d2c42399af03ad13bbb8cf59dadb9f0cd5d70648cc0c3b9202d75ab565",
    "https://deno.land/std@0.171.0/async/debounce.ts": "adab11d04ca38d699444ac8a9d9856b4155e8dda2afd07ce78276c01ea5a4332",
    "https://deno.land/std@0.171.0/async/deferred.ts": "42790112f36a75a57db4a96d33974a936deb7b04d25c6084a9fa8a49f135def8",
    "https://deno.land/std@0.171.0/async/delay.ts": "73aa04cec034c84fc748c7be49bb15cac3dd43a57174bfdb7a4aec22c248f0dd",
    "https://deno.land/std@0.171.0/async/mod.ts": "f04344fa21738e5ad6bea37a6bfffd57c617c2d372bb9f9dcfd118a1b622e576",
    "https://deno.land/std@0.171.0/async/mux_async_iterator.ts": "70c7f2ee4e9466161350473ad61cac0b9f115cff4c552eaa7ef9d50c4cbb4cc9",
    "https://deno.land/std@0.171.0/async/pool.ts": "fd082bd4aaf26445909889435a5c74334c017847842ec035739b4ae637ae8260",
    "https://deno.land/std@0.171.0/async/retry.ts": "5efa3ba450ac0c07a40a82e2df296287b5013755d232049efd7ea2244f15b20f",
    "https://deno.land/std@0.171.0/async/tee.ts": "47e42d35f622650b02234d43803d0383a89eb4387e1b83b5a40106d18ae36757",
    "https://deno.land/std@0.171.0/fmt/colors.ts": "938c5d44d889fb82eff6c358bea8baa7e85950a16c9f6dae3ec3a7a729164471",
    "https://deno.land/std@0.171.0/path/_constants.ts": "e49961f6f4f48039c0dfed3c3f93e963ca3d92791c9d478ac5b43183413136e0",
    "https://deno.land/std@0.171.0/path/_interface.ts": "6471159dfbbc357e03882c2266d21ef9afdb1e4aa771b0545e90db58a0ba314b",
    "https://deno.land/std@0.171.0/path/_util.ts": "86c2375a996c1931b2f2ac71fefd5ddf0cf0e579fa4ab12d3e4c552d4223b8d8",
    "https://deno.land/std@0.171.0/path/common.ts": "ee7505ab01fd22de3963b64e46cff31f40de34f9f8de1fff6a1bd2fe79380000",
    "https://deno.land/std@0.171.0/path/glob.ts": "d479e0a695621c94d3fd7fe7abd4f9499caf32a8de13f25073451c6ef420a4e1",
    "https://deno.land/std@0.171.0/path/mod.ts": "4b83694ac500d7d31b0cdafc927080a53dc0c3027eb2895790fb155082b0d232",
    "https://deno.land/std@0.171.0/path/posix.ts": "2ecc259e6f34013889b7638ff90339a82d8178f629155761ce6001e41af55a43",
    "https://deno.land/std@0.171.0/path/separator.ts": "0fb679739d0d1d7bf45b68dacfb4ec7563597a902edbaf3c59b50d5bcadd93b1",
    "https://deno.land/std@0.171.0/path/win32.ts": "99170a0eb0e2b1ce41499c1e86bb55320cb6606299ad947f57ee0a291cdb93d5",
    "https://deno.land/std@0.171.0/testing/_diff.ts": "1a3c044aedf77647d6cac86b798c6417603361b66b54c53331b312caeb447aea",
    "https://deno.land/std@0.171.0/testing/_format.ts": "a69126e8a469009adf4cf2a50af889aca364c349797e63174884a52ff75cf4c7",
    "https://deno.land/std@0.171.0/testing/asserts.ts": "984ab0bfb3faeed92ffaa3a6b06536c66811185328c5dd146257c702c41b01ab",
    "https://deno.land/std@0.208.0/path/_common/assert_path.ts": "061e4d093d4ba5aebceb2c4da3318bfe3289e868570e9d3a8e327d91c2958946",
    "https://deno.land/std@0.208.0/path/_common/constants.ts": "e49961f6f4f48039c0dfed3c3f93e963ca3d92791c9d478ac5b43183413136e0",
    "https://deno.land/std@0.208.0/path/_common/normalize.ts": "2ba7fb4cc9fafb0f38028f434179579ce61d4d9e51296fad22b701c3d3cd7397",
    "https://deno.land/std@0.208.0/path/_common/normalize_string.ts": "88c472f28ae49525f9fe82de8c8816d93442d46a30d6bb5063b07ff8a89ff589",
    "https://deno.land/std@0.208.0/path/posix/_util.ts": "ecf49560fedd7dd376c6156cc5565cad97c1abe9824f4417adebc7acc36c93e5",
    "https://deno.land/std@0.208.0/path/posix/join.ts": "0c0d84bdc344876930126640011ec1b888e6facf74153ffad9ef26813aa2a076",
    "https://deno.land/std@0.208.0/path/posix/normalize.ts": "11de90a94ab7148cc46e5a288f7d732aade1d616bc8c862f5560fa18ff987b4b",
    "https://deno.land/std@0.208.0/url/join.ts": "fbc3488c641c38832f0c900fcf99cb970164d8e32b84f1427581bb83cf35efeb",
    "https://deno.land/x/async@v1.1.5/condition.ts": "08f990d787a7ac3dfef63fcb65bd06a03793195bab6009c1055b863bd58ce7b1",
    "https://deno.land/x/async@v1.1.5/deps.ts": "4decb439207454da2d48929f6f11f4cd3512baaf68c0121ef062c227a406fbec",
    "https://deno.land/x/async@v1.1.5/event.ts": "6ecbab41fb1aead24da306355e5051b86d7d0b6062ed10ae0bdc80c5115c3b73",
    "https://deno.land/x/async@v1.1.5/lock.ts": "6d4845198381712d67f23b8c285c47498c9d5a63dec0fefe99fc4529a7f31462",
    "https://deno.land/x/async@v1.1.5/mod.ts": "27b75655290584f52b2b39698fd2615e0f1160638bbf92da89ee5050a99b1125",
    "https://deno.land/x/async@v1.1.5/queue.ts": "8e97864684cb09d42e00b62115ec43f7325f4104512cc016ce2ff3534388aaf5",
    "https://deno.land/x/async@v1.1.5/semaphore.ts": "a63024b1a7d8fd609165384f79718c6a45a6de5d69a550945dfcae4670bef131",
    "https://deno.land/x/async@v1.1.5/state.ts": "a71692b72371239120b196d0c6a249631bab867dd499e85c422c2e5ec9695999",
    "https://deno.land/x/async@v1.2.0/condition.ts": "08f990d787a7ac3dfef63fcb65bd06a03793195bab6009c1055b863bd58ce7b1",
    "https://deno.land/x/async@v1.2.0/deps.ts": "bfe65aeca789c949e425888789f256add52dea7f3997c2708cbf1a0e14bafbc5",
    "https://deno.land/x/async@v1.2.0/event.ts": "6ecbab41fb1aead24da306355e5051b86d7d0b6062ed10ae0bdc80c5115c3b73",
    "https://deno.land/x/async@v1.2.0/lock.ts": "6d4845198381712d67f23b8c285c47498c9d5a63dec0fefe99fc4529a7f31462",
    "https://deno.land/x/async@v1.2.0/mod.ts": "27b75655290584f52b2b39698fd2615e0f1160638bbf92da89ee5050a99b1125",
    "https://deno.land/x/async@v1.2.0/queue.ts": "8e97864684cb09d42e00b62115ec43f7325f4104512cc016ce2ff3534388aaf5",
    "https://deno.land/x/async@v1.2.0/semaphore.ts": "a63024b1a7d8fd609165384f79718c6a45a6de5d69a550945dfcae4670bef131",
    "https://deno.land/x/async@v1.2.0/state.ts": "a71692b72371239120b196d0c6a249631bab867dd499e85c422c2e5ec9695999",
    "https://deno.land/x/ddu_kind_file@v0.3.2/file.ts": "5dc04651d31cb8652c2fb6e7363e2b8fea50059064ffc156f5e5be4fd63c6e11",
    "https://deno.land/x/ddu_vim@v2.0.0/base/column.ts": "946be41f1732491a839d44bae99e465c0ff9c50888e05d90e62db7974697abfb",
    "https://deno.land/x/ddu_vim@v2.0.0/base/filter.ts": "036453e0adb41cfb9bd7e68bdd3f4d90038d4bc4153b96a516c30c2800f53751",
    "https://deno.land/x/ddu_vim@v2.0.0/base/kind.ts": "8f5dd5a2bf027f60f3707a820105b4aceaf08e67eea6e0ffd16b2231141e4caf",
    "https://deno.land/x/ddu_vim@v2.0.0/base/source.ts": "66962dc79f3ada23a13fd8589fe69fae6e1e0f914b223aeac28b2bb862ea7961",
    "https://deno.land/x/ddu_vim@v2.0.0/base/ui.ts": "f0757caf8e9477520883e6623e72b1e4dc20a5647ce130a68b71140726a9e10e",
    "https://deno.land/x/ddu_vim@v2.0.0/deps.ts": "70be8196b74f83a9792c90976f2ba5041afa8c57484a5abaf4e3e7a44b38754d",
    "https://deno.land/x/ddu_vim@v2.0.0/types.ts": "1fd8b0b24040139a440c1cd0b341d51bf57d2f77c0200d7cdba67ed5caa742e4",
    "https://deno.land/x/ddu_vim@v2.2.0/base/column.ts": "946be41f1732491a839d44bae99e465c0ff9c50888e05d90e62db7974697abfb",
    "https://deno.land/x/ddu_vim@v2.2.0/base/filter.ts": "c4211aaaa3926ec3abc85d16f9507e65f4dd9647069722c778a38c7f17cc952f",
    "https://deno.land/x/ddu_vim@v2.2.0/base/kind.ts": "8f5dd5a2bf027f60f3707a820105b4aceaf08e67eea6e0ffd16b2231141e4caf",
    "https://deno.land/x/ddu_vim@v2.2.0/base/source.ts": "66962dc79f3ada23a13fd8589fe69fae6e1e0f914b223aeac28b2bb862ea7961",
    "https://deno.land/x/ddu_vim@v2.2.0/base/ui.ts": "379b8dfb508539d425787eda3511eb3f42c7e4cea5673fdfd392f775267e50e1",
    "https://deno.land/x/ddu_vim@v2.2.0/deps.ts": "6cda3378fba770b4d60553e20d57c87da337e9676ced63b5f59b02edf9f12468",
    "https://deno.land/x/ddu_vim@v2.2.0/types.ts": "6eac7c94d8cc4a608dd7d1f247372a8bc4a5ffbdaa7a5edfb9a53b9afc109b7f",
    "https://deno.land/x/deno_eastasianwidth@v0.1.1/mod.ts": "4d31aa27b2fda3cee45eabc30bca0cda568fcb2cb79ac6f2f144fe1269437d8f",
    "https://deno.land/x/denops_core@v3.2.0/denops.ts": "1514b2b039c80651ac88a0dd6bbf52f2b0f7b4749ae2619068535cd5cd294635",
    "https://deno.land/x/denops_core@v3.2.0/mod.ts": "dadcb9205016c7ba0dc8d7be2c5a367c06b16685a661664d71b3541b8f6d4275",
    "https://deno.land/x/denops_core@v3.4.1/denops.ts": "73561b60556ffb39112feff4f53eac1752c1f2db28548c5c74e2befb5ae741bf",
    "https://deno.land/x/denops_core@v3.4.1/mod.ts": "388bfd1e303b7747652d5890e3d92e90a324101b810484f499698f6e01f03abe",
    "https://deno.land/x/denops_std@v3.12.2/anonymous/mod.ts": "5ef65beebb9dc11de7ea8117a5ceb714380d82b32f16dfbca6a51d4b8dd18f89",
    "https://deno.land/x/denops_std@v3.12.2/autocmd/common.ts": "6d52f0f420b2ec97b38a39b8c71177187ee76f213ece83e88c662967566ad468",
    "https://deno.land/x/denops_std@v3.12.2/autocmd/group.ts": "9da6c1dca99bca09855e3f7ff1ce716e6d5175556861ee58fbadc8e57a74667c",
    "https://deno.land/x/denops_std@v3.12.2/autocmd/mod.ts": "a3fbf1c1b2bd5a7f95a3bc94e6df909b291376d657bc35272b52ad3e2728ec8a",
    "https://deno.land/x/denops_std@v3.12.2/autocmd/types.ts": "485f918030b3d28c86052dcf7822f6bbeaa95119db1f0d7632af54b1c087f53c",
    "https://deno.land/x/denops_std@v3.12.2/autocmd/utils.ts": "f0238f60cf80acb14c8aaa89b25454714f3f627b1f8c94ca8197e906ff753f3f",
    "https://deno.land/x/denops_std@v3.12.2/batch/batch.ts": "e18d2332494214be31ec169a92837c8c016332a0c9bea82e0396dbbfc51d83a0",
    "https://deno.land/x/denops_std@v3.12.2/batch/gather.ts": "883e52f64d7c27cfa133bedf921e564b9dec6a48ca30817267875729d2e9f62c",
    "https://deno.land/x/denops_std@v3.12.2/batch/mod.ts": "31952c134d344bab5a7dbc3304506a5b60afa96d50bfbaf5dce1971251183dea",
    "https://deno.land/x/denops_std@v3.12.2/function/_generated.ts": "702727dbba2c02b9376577cd3d129a6ed5f266387037903cdecb596e3bbe56bb",
    "https://deno.land/x/denops_std@v3.12.2/function/_manual.ts": "a26da7f6d5cae879eac8ebb925cf86943ef49644fe99878c69c6917697672ea7",
    "https://deno.land/x/denops_std@v3.12.2/function/buffer.ts": "8817d7c8a56fda12ef4e5018e7f701a9b2c61aa353260b061b270aecaad29086",
    "https://deno.land/x/denops_std@v3.12.2/function/common.ts": "0fd24ad6d9658d8a9c35bb0eca83da6b51c07f0fc3ba47ab7e5f37231725c0e5",
    "https://deno.land/x/denops_std@v3.12.2/function/cursor.ts": "59827c743a81988f75ff0762d5c559d6b8deed76ad7a26fd9191a15c3384b155",
    "https://deno.land/x/denops_std@v3.12.2/function/getreginfo.ts": "54df8f0c42aa0700a4abeffe31d457938e4b36be81e4fdacdcfd6776082bb2f2",
    "https://deno.land/x/denops_std@v3.12.2/function/input.ts": "e5d98b86d44fc160c5f574c06c8f8edd3cac3871a49a0bfd78a1c914c0d1ab73",
    "https://deno.land/x/denops_std@v3.12.2/function/mod.ts": "714b13733ab9a1a4cb77220dafe27ee5edabe00c000ab79f8ab030a5c8440788",
    "https://deno.land/x/denops_std@v3.12.2/function/types.ts": "e45d9ad042f7901fa38bf530672a378a629dcdf9f79fa759506912ca4a0d18f9",
    "https://deno.land/x/denops_std@v3.12.2/function/various.ts": "5ca5235a1afb13071a89d9932433ddc72526fae97c2ad236d8976c6a47dd7df4",
    "https://deno.land/x/denops_std@v3.12.2/helper/batch.ts": "945d964a45022283d1d087bf50216a296f125e02b415a0e0addc69d13dab08f2",
    "https://deno.land/x/denops_std@v3.12.2/helper/echo.ts": "161966e0db1c5f5453c62efbd0401fd210550caff2c490508db76ffe70fbd35c",
    "https://deno.land/x/denops_std@v3.12.2/helper/execute.ts": "65fc646944a37fa56fce8b06e3b8d6b536440cd3ca2e7dcbf88c245c42be4d12",
    "https://deno.land/x/denops_std@v3.12.2/helper/input.ts": "a911e5e34475af0484bcb50536b9cf675c00d66f81246db28ae2216a53fcbe7e",
    "https://deno.land/x/denops_std@v3.12.2/helper/load.ts": "0284f3054d2c63782d4409fa3dfa408923e65eb6272f18efe6e069b348fa8341",
    "https://deno.land/x/denops_std@v3.12.2/helper/mod.ts": "0e1819b705109f253b552a5ba674c6dda4e20314a3580e7a24002a66c3fb9dab",
    "https://deno.land/x/denops_std@v3.12.2/mod.ts": "5dad16e9c063ad5a1ed4d076eebd8a2069a0ed37c76b53ce6f997e7097b7d864",
    "https://deno.land/x/denops_std@v3.12.2/option/_generated.ts": "c267312c0b94c0b48d2897ba5e1ab4946339383cb1d9f774e9a118b540b8bafe",
    "https://deno.land/x/denops_std@v3.12.2/option/_manual.ts": "e3b0c44298fc1c149afbf4c8996fb92427ae41e4649b934ca495991b7852b855",
    "https://deno.land/x/denops_std@v3.12.2/option/mod.ts": "d1c79cd2733c3efc2d3b89f51cfe8d71f2567af066d0c0e27fa3d0731e3d7c96",
    "https://deno.land/x/denops_std@v3.12.2/util.ts": "ded8c5790c4cb6082d27596ff0958291d795695ec6323113dec5c1985b5ebb46",
    "https://deno.land/x/denops_std@v3.12.2/variable/environment.ts": "3bd835697e54855a760ce42d2d2d9d3ad518c0c10bf23ef6628e91704925f44c",
    "https://deno.land/x/denops_std@v3.12.2/variable/mod.ts": "b247a9153211f1fd1eaaadf35efc3b0f7dd16ed57eb2a8137419138934a2fec5",
    "https://deno.land/x/denops_std@v3.12.2/variable/option.ts": "c2dc7f16d0ff979c2574ed1288e209d970e2f190a5f7c95599b41dcc0071479d",
    "https://deno.land/x/denops_std@v3.12.2/variable/register.ts": "b8afc973b6069a5884706958b377043319bed133a39789403a89b1f44af4d170",
    "https://deno.land/x/denops_std@v3.12.2/variable/types.ts": "df72aa7a0bee5e2b1fa8b78773bbfd2632e11e4c69e02ece00667d734c2229ec",
    "https://deno.land/x/denops_std@v3.12.2/variable/variable.ts": "07e2b08d599756488f67f065abfcc90580424cff998dbbffda789f8be26ec286",
    "https://deno.land/x/denops_std@v3.9.0/anonymous/mod.ts": "12d00b0e6f5fd4878804976b8075d74ce61da98335f1d34f5330806510b24809",
    "https://deno.land/x/denops_std@v3.9.0/autocmd/common.ts": "8362639eea819c76c4a44d1ae973d56df8445e530ce367e3e8ce8e8e45dfb501",
    "https://deno.land/x/denops_std@v3.9.0/autocmd/group.ts": "3329045f9bdfaa4258bcd7d663c91088aa48e4f8f915aff0bce9fcf4ebb55452",
    "https://deno.land/x/denops_std@v3.9.0/autocmd/mod.ts": "33e6942ac766c4a0a0661babf4e3186be79a598dea36a4a1b762236f74632f6c",
    "https://deno.land/x/denops_std@v3.9.0/autocmd/types.ts": "56b57e2af7122b107701c22aba447f0a0ccc1650d4c5b623a86730feff771466",
    "https://deno.land/x/denops_std@v3.9.0/batch/batch.ts": "83948785843f13f479b239c9b6942952f4f83534f87a5897c5de3ef9c6225337",
    "https://deno.land/x/denops_std@v3.9.0/batch/gather.ts": "9806c2fdd8867aaeae0750ae4ceeff08690f613c4a364ed70b6c9b2a7e545f14",
    "https://deno.land/x/denops_std@v3.9.0/batch/mod.ts": "c46382957eb3528cb4f5b1cba2240b0ab6cf7fd1c13b6dcfbed1c7230ca40654",
    "https://deno.land/x/denops_std@v3.9.0/function/_generated.ts": "5a4e786d324aae4cdfaa4e7ecba58972f6bb4a8f31dce2bff0dedfabad2b6684",
    "https://deno.land/x/denops_std@v3.9.0/function/_manual.ts": "1ed71df33a7b48ec3643d530a0c4277f7b985fc28dfbaebf85d6b5a5ab0a2787",
    "https://deno.land/x/denops_std@v3.9.0/function/buffer.ts": "255eb9818b623aaf7ce286713e960f5a70bcd7d5d5a6c4496c00dcd5b14fd5a2",
    "https://deno.land/x/denops_std@v3.9.0/function/common.ts": "75f8bcc01311e7f446dac2f1ec29832893ae0b8a8a38126f7613da47e72f8f67",
    "https://deno.land/x/denops_std@v3.9.0/function/cursor.ts": "f33b120ee273a7475f86e80d8124906f59ae5c8f7eb74360b4d70f752321fd23",
    "https://deno.land/x/denops_std@v3.9.0/function/input.ts": "1d861a4517bc544bb55460a4c8478f35d67f9abdec3ded875d618727de5f1922",
    "https://deno.land/x/denops_std@v3.9.0/function/mod.ts": "c2d7478d50d0ea6208e4879ab658a165c8749b77b24878e6365436ae029a9af8",
    "https://deno.land/x/denops_std@v3.9.0/function/types.ts": "f40d74ed397e0087b999f47649cd6cc34f567986847bc8078a6ce4a45c54990d",
    "https://deno.land/x/denops_std@v3.9.0/function/various.ts": "a4644a7b99f09cee1fe0cc065983216a8bb52b613dacabbe78b85991e1799492",
    "https://deno.land/x/denops_std@v3.9.0/helper/batch.ts": "47147bbdbf96412174587b3f710608481728a0af6db15a2a0c0979442d4bd2a0",
    "https://deno.land/x/denops_std@v3.9.0/helper/echo.ts": "2edf494259af44b74e886e38ab68cdbd2cecc5115b20086badd06e66d1a4a2e4",
    "https://deno.land/x/denops_std@v3.9.0/helper/execute.ts": "0b68fc650b333da100c80e2f926c407e3d386c7bb60214abd172f3c86a5a2ef6",
    "https://deno.land/x/denops_std@v3.9.0/helper/input.ts": "16a2f95e5e30f08420ac2fd14ed3fdcb98586731c1d134369a2e353ed8d7ed85",
    "https://deno.land/x/denops_std@v3.9.0/helper/load.ts": "00b9554ed3223d870ca2d596d1869a7f32e5cd0071aab1397c3fa1f3a5017399",
    "https://deno.land/x/denops_std@v3.9.0/helper/mod.ts": "d04ae6dd96be2809b89fdbb7fc3173ddd7eb2f5c728a3bc235d09037423661e4",
    "https://deno.land/x/denops_std@v3.9.0/mod.ts": "093d9f1a68446e2325f4b614c14675524253896c39158f49f2c38c6f639111fb",
    "https://deno.land/x/denops_std@v3.9.0/option/_generated.ts": "e92547e83cd2bad6c754d56b2c22d118f47c9f37f2ccd08667da1aa0e6d408c9",
    "https://deno.land/x/denops_std@v3.9.0/option/_manual.ts": "e3b0c44298fc1c149afbf4c8996fb92427ae41e4649b934ca495991b7852b855",
    "https://deno.land/x/denops_std@v3.9.0/option/mod.ts": "c2d7478d50d0ea6208e4879ab658a165c8749b77b24878e6365436ae029a9af8",
    "https://deno.land/x/denops_std@v3.9.0/util.ts": "ded8c5790c4cb6082d27596ff0958291d795695ec6323113dec5c1985b5ebb46",
    "https://deno.land/x/denops_std@v3.9.0/variable/environment.ts": "25542db616387149b2c0dbb59eb7cead171e03306cc461141704d00daf261bf4",
    "https://deno.land/x/denops_std@v3.9.0/variable/mod.ts": "b70ca479a21250d4439ad19941bb15ef4fcc9d202f851fab9178a9c994eb297b",
    "https://deno.land/x/denops_std@v3.9.0/variable/option.ts": "d469da1c658012c0db4b87eba4f647df649c7434567c3627c4b8ef3273835bae",
    "https://deno.land/x/denops_std@v3.9.0/variable/register.ts": "f7e746c7216787f73e5a3691043aa1397749e85d113d5a5b0e1b72de9287cf5b",
    "https://deno.land/x/denops_std@v3.9.0/variable/types.ts": "d4438fc1f4269b7f81ccdf52d0b8424911aaaf4f8e4a3505d60f0989e431d322",
    "https://deno.land/x/denops_std@v3.9.0/variable/variable.ts": "d19fde9909dda525398712c1201a2db4770f2e7e71e74de9768dccc224434829",
    "https://deno.land/x/denops_std@v5.1.0/mod.ts": "2ce8f91e762c2817d7e3a6ca71c7449e2271169f6025b9799da092fe0e0bea36",
    "https://deno.land/x/disposable@v1.0.2/mod.ts": "35bdb7afa8506c417a54a81821974f8466d8b7c1d1fb4342c99960a600d838ba",
    "https://deno.land/x/disposable@v1.0.2/types.ts": "3533500ccb5234e471b8d65bf5378dd41b5f8f39acccfeb9cdc9e6a407e71734",
    "https://deno.land/x/disposable@v1.0.2/using.ts": "db46551966a442af3a46f6b7ffe8af455ad379740373c3428f858e45c1e2e180",
    "https://deno.land/x/msgpack@v1.4/CachedKeyDecoder.ts": "c39b6f1572902ae08c0e4971f639e81031ac59403957fc43c6fb3c7fe69d99a1",
    "https://deno.land/x/msgpack@v1.4/Decoder.ts": "bdb68309cd51da2b9a897f269784c6d636796258838a97f25b0e1b399c6f369b",
    "https://deno.land/x/msgpack@v1.4/Encoder.ts": "4852bbacb30cd66eb2bd61a9e20476802458b991e13aacb5eb984d0348247ffe",
    "https://deno.land/x/msgpack@v1.4/ExtData.ts": "8d97fe43568e119a1eeb93e1ef1c431e0a24e392fb0c6ffed775aac1e579f244",
    "https://deno.land/x/msgpack@v1.4/ExtensionCodec.ts": "e8a24eb1786156239f589cc3058c8ff3d79ed393f420c40fdf7a93df943c91f2",
    "https://deno.land/x/msgpack@v1.4/context.ts": "6228de10854dbadf6aef096960af0115214078ec3784eca4565587769fde3d1c",
    "https://deno.land/x/msgpack@v1.4/decode.ts": "c808aeec46f6d0e5b28d0bbacd40e78d0a3614b229368c70db2e53c03f7555ca",
    "https://deno.land/x/msgpack@v1.4/decodeAsync.ts": "19e4f33ba0cc8d200b857deb9721bace863c0e89f7bff73e2b04379e4ee85bad",
    "https://deno.land/x/msgpack@v1.4/encode.ts": "c5598f8eec9efcbd0ef07f246ade049a8f4906703cdb601baf03b2774b293916",
    "https://deno.land/x/msgpack@v1.4/mod.ts": "c28290db26b1ea027e1798085fd6c8055685ea086f1418d54a33542b285633c9",
    "https://deno.land/x/msgpack@v1.4/timestamp.ts": "5169949efe39bc24f58cd5dcaae682cdf5353c762a54abf9ae6e18c8d9feb648",
    "https://deno.land/x/msgpack@v1.4/utils/int.ts": "b08743982f954d2dd7f4f11d868019576b63cb8147d8acc1bce3843f39398188",
    "https://deno.land/x/msgpack@v1.4/utils/prettyByte.ts": "35c8104d57ba2a727056beaf1063bbe941d512cdd23ce6b04d7c5b44dafcd46e",
    "https://deno.land/x/msgpack@v1.4/utils/stream.ts": "1315e29af5c1a40d97bfa6f1c4f7f73d26067b912236f56851981f2f049500b8",
    "https://deno.land/x/msgpack@v1.4/utils/typedArrays.ts": "bb819c2f28cf7f85ed50b2e57f108462715555cc61ce315e8134cf1eef2ae662",
    "https://deno.land/x/msgpack@v1.4/utils/utf8.ts": "93183055a7a41986080eeb711e83d553e7c8b121642da4379a5adf253b7beefd",
    "https://deno.land/x/msgpack_rpc@v3.1.6/deps.ts": "f6b178544d28f979999468ec27cec4235ac36cdda375de6a495059d5e7fbe27c",
    "https://deno.land/x/msgpack_rpc@v3.1.6/message.ts": "c5e12aa8868920d21d5ddc8c002f8cf8e30a654076fe9c97d9751665e17c2482",
    "https://deno.land/x/msgpack_rpc@v3.1.6/response_waiter.ts": "b1aa8166ada0b4c2465f78cc41ba472ba35bc098be9b5143938b75ae182b73bc",
    "https://deno.land/x/msgpack_rpc@v4.0.0/deps.ts": "81136273fc8e1505b63ecc779f4d24f5138a9236851ce40b9815ee4617625a3e",
    "https://deno.land/x/msgpack_rpc@v4.0.0/message.ts": "c5e12aa8868920d21d5ddc8c002f8cf8e30a654076fe9c97d9751665e17c2482",
    "https://deno.land/x/msgpack_rpc@v4.0.0/response_waiter.ts": "b1aa8166ada0b4c2465f78cc41ba472ba35bc098be9b5143938b75ae182b73bc",
    "https://deno.land/x/unknownutil@v2.0.0/assert.ts": "33ac165c3917129a66f29a7098c0d56d8be290cc271afd0152705b97c770892d",
    "https://deno.land/x/unknownutil@v2.0.0/ensure.ts": "c7878930c8bd341e88c4f1fc742e98fe5e8451f5b9bac21fae2d085914d95827",
    "https://deno.land/x/unknownutil@v2.0.0/is.ts": "32ef707359264c5baf97725ceb13f87ef34e73b50eb199d76034742bec21f2a2",
    "https://deno.land/x/unknownutil@v2.0.0/maybe.ts": "260f159636893d2d0e08814151a0b19b3bc0e7fa8b423bdf2b64aa664a4ee735",
    "https://deno.land/x/unknownutil@v2.0.0/mod.ts": "ccd4f6ba067ac766da0533f13a018a6734c042a9484115fa49c7face17e8501d",
    "https://deno.land/x/unknownutil@v2.1.0/assert.ts": "33ac165c3917129a66f29a7098c0d56d8be290cc271afd0152705b97c770892d",
    "https://deno.land/x/unknownutil@v2.1.0/ensure.ts": "c7878930c8bd341e88c4f1fc742e98fe5e8451f5b9bac21fae2d085914d95827",
    "https://deno.land/x/unknownutil@v2.1.0/is.ts": "32ef707359264c5baf97725ceb13f87ef34e73b50eb199d76034742bec21f2a2",
    "https://deno.land/x/unknownutil@v2.1.0/maybe.ts": "260f159636893d2d0e08814151a0b19b3bc0e7fa8b423bdf2b64aa664a4ee735",
    "https://deno.land/x/unknownutil@v2.1.0/mod.ts": "ccd4f6ba067ac766da0533f13a018a6734c042a9484115fa49c7face17e8501d",
    "https://deno.land/x/unknownutil@v3.11.0/inspect.ts": "33e61bdfed94cd586d66600813b528fa93046a2802d8144277b92f0fa5e5f10e",
    "https://deno.land/x/unknownutil@v3.11.0/is.ts": "01244c8e3d907c4761c40b580ff5f5a2f5b051c2ef5ae6ff8b76602ed681fd74",
    "https://deno.land/x/unknownutil@v3.11.0/mod.ts": "50f0bdb70664c65b2954d4b9bb0f95f9bb4c77c4469331fda2475a4ffbb51a15",
    "https://deno.land/x/unknownutil@v3.11.0/util.ts": "5c9b52ef699e569ccec9d4c33148545bf5328c6a5e2f6f56f651ce6bdd44eb1e"
  }
}
